
Microsoft Visual Studio Solution File, Format Version 12.00
# Visual Studio 15
VisualStudioVersion = 15.0.27906.1
MinimumVisualStudioVersion = 10.0.40219.1
Project("{FAE04EC0-301F-11D3-BF4B-00C04F79EFBC}") = "Mortgage.UI", "Mortgage.UI.csproj", "{8C786E79-5196-4EF7-BCDE-B8261588D8F5}"
EndProject
Project("{FAE04EC0-301F-11D3-BF4B-00C04F79EFBC}") = "Mortgage.Domain", "..\Mortgage.Domain\Mortgage.Domain.csproj", "{878EA31A-74D1-464B-9C61-C4AAA9B37993}"
EndProject
Global
	GlobalSection(SolutionConfigurationPlatforms) = preSolution
		Debug|Any CPU = Debug|Any CPU
		Release|Any CPU = Release|Any CPU
	EndGlobalSection
	GlobalSection(ProjectConfigurationPlatforms) = postSolution
		{8C786E79-5196-4EF7-BCDE-B8261588D8F5}.Debug|Any CPU.ActiveCfg = Debug|Any CPU
		{8C786E79-5196-4EF7-BCDE-B8261588D8F5}.Debug|Any CPU.Build.0 = Debug|Any CPU
		{8C786E79-5196-4EF7-BCDE-B8261588D8F5}.Release|Any CPU.ActiveCfg = Release|Any CPU
		{8C786E79-5196-4EF7-BCDE-B8261588D8F5}.Release|Any CPU.Build.0 = Release|Any CPU
		{878EA31A-74D1-464B-9C61-C4AAA9B37993}.Debug|Any CPU.ActiveCfg = Debug|Any CPU
		{878EA31A-74D1-464B-9C61-C4AAA9B37993}.Debug|Any CPU.Build.0 = Debug|Any CPU
		{878EA31A-74D1-464B-9C61-C4AAA9B37993}.Release|Any CPU.ActiveCfg = Release|Any CPU
		{878EA31A-74D1-464B-9C61-C4AAA9B37993}.Release|Any CPU.Build.0 = Release|Any CPU
	EndGlobalSection
	GlobalSection(SolutionProperties) = preSolution
		HideSolutionNode = FALSE
	EndGlobalSection
	GlobalSection(ExtensibilityGlobals) = postSolution
		SolutionGuid = {73E7CFA2-97A9-4408-AB6A-C5F70F7C7E85}
	EndGlobalSection
EndGlobal
